
Microsoft Visual Studio Solution File, Format Version 12.00
# Visual Studio Version 17
VisualStudioVersion = 17.9.34607.119
MinimumVisualStudioVersion = 10.0.40219.1
Project("{8BC9CEB8-8B4A-11D0-8D11-00A0C91BC942}") = "Chained-Together-External", "Chained-Together-External\Chained-Together-External.vcxproj", "{1F336B42-4552-41C5-B714-6D7268D5E7CC}"
EndProject
Global
	GlobalSection(SolutionConfigurationPlatforms) = preSolution
		Debug|x64 = Debug|x64
		Debug|x86 = Debug|x86
		Release|x64 = Release|x64
		Release|x86 = Release|x86
	EndGlobalSection
	GlobalSection(ProjectConfigurationPlatforms) = postSolution
		{1F336B42-4552-41C5-B714-6D7268D5E7CC}.Debug|x64.ActiveCfg = Debug|x64
		{1F336B42-4552-41C5-B714-6D7268D5E7CC}.Debug|x64.Build.0 = Debug|x64
		{1F336B42-4552-41C5-B714-6D7268D5E7CC}.Debug|x86.ActiveCfg = Debug|Win32
		{1F336B42-4552-41C5-B714-6D7268D5E7CC}.Debug|x86.Build.0 = Debug|Win32
		{1F336B42-4552-41C5-B714-6D7268D5E7CC}.Release|x64.ActiveCfg = Release|x64
		{1F336B42-4552-41C5-B714-6D7268D5E7CC}.Release|x64.Build.0 = Release|x64
		{1F336B42-4552-41C5-B714-6D7268D5E7CC}.Release|x86.ActiveCfg = Release|Win32
		{1F336B42-4552-41C5-B714-6D7268D5E7CC}.Release|x86.Build.0 = Release|Win32
	EndGlobalSection
	GlobalSection(SolutionProperties) = preSolution
		HideSolutionNode = FALSE
	EndGlobalSection
	GlobalSection(ExtensibilityGlobals) = postSolution
		SolutionGuid = {E822D3D2-B519-4698-91D9-72DEFBEB1159}
	EndGlobalSection
EndGlobal
